
Microsoft Visual Studio Solution File, Format Version 12.00
# Visual Studio Version 17
VisualStudioVersion = 17.4.33110.190
MinimumVisualStudioVersion = 10.0.40219.1
Project("{9A19103F-16F7-4668-BE54-9A1E7A4F7556}") = "HaloWarsDE Mod Manager", "HaloWarsDE Mod Manager\HaloWarsDE Mod Manager.csproj", "{2E7770A7-9B79-4ECD-9F54-20DF5C090B62}"
EndProject
Project("{9A19103F-16F7-4668-BE54-9A1E7A4F7556}") = "Mod Manifest Maker", "Mod Manifest Maker\Mod Manifest Maker.csproj", "{0D208D89-931B-4A85-95C8-89DA567C300B}"
EndProject
Project("{9A19103F-16F7-4668-BE54-9A1E7A4F7556}") = "AutoUpdater", "AutoUpdater\AutoUpdater.csproj", "{C07C2518-12CB-4DB3-A178-5A1A7322BF17}"
EndProject
Global
	GlobalSection(SolutionConfigurationPlatforms) = preSolution
		Debug|Any CPU = Debug|Any CPU
		Release|Any CPU = Release|Any CPU
	EndGlobalSection
	GlobalSection(ProjectConfigurationPlatforms) = postSolution
		{2E7770A7-9B79-4ECD-9F54-20DF5C090B62}.Debug|Any CPU.ActiveCfg = Debug|Any CPU
		{2E7770A7-9B79-4ECD-9F54-20DF5C090B62}.Debug|Any CPU.Build.0 = Debug|Any CPU
		{2E7770A7-9B79-4ECD-9F54-20DF5C090B62}.Release|Any CPU.ActiveCfg = Release|Any CPU
		{2E7770A7-9B79-4ECD-9F54-20DF5C090B62}.Release|Any CPU.Build.0 = Release|Any CPU
		{0D208D89-931B-4A85-95C8-89DA567C300B}.Debug|Any CPU.ActiveCfg = Debug|Any CPU
		{0D208D89-931B-4A85-95C8-89DA567C300B}.Debug|Any CPU.Build.0 = Debug|Any CPU
		{0D208D89-931B-4A85-95C8-89DA567C300B}.Release|Any CPU.ActiveCfg = Release|Any CPU
		{0D208D89-931B-4A85-95C8-89DA567C300B}.Release|Any CPU.Build.0 = Release|Any CPU
		{C07C2518-12CB-4DB3-A178-5A1A7322BF17}.Debug|Any CPU.ActiveCfg = Debug|Any CPU
		{C07C2518-12CB-4DB3-A178-5A1A7322BF17}.Debug|Any CPU.Build.0 = Debug|Any CPU
		{C07C2518-12CB-4DB3-A178-5A1A7322BF17}.Release|Any CPU.ActiveCfg = Release|Any CPU
		{C07C2518-12CB-4DB3-A178-5A1A7322BF17}.Release|Any CPU.Build.0 = Release|Any CPU
	EndGlobalSection
	GlobalSection(SolutionProperties) = preSolution
		HideSolutionNode = FALSE
	EndGlobalSection
	GlobalSection(ExtensibilityGlobals) = postSolution
		SolutionGuid = {F9E429C3-44A6-4021-9AAA-C6C0DD44EC08}
	EndGlobalSection
EndGlobal
